// !$*UTF8*$!
{
	archiveVersion = 1;
	classes = {
	};
	objectVersion = 50;
	objects = {

/* Begin PBXBuildFile section */
		1A3F6F602581E47B00112CDB /* AppDelegate.swift in Sources */ = {isa = PBXBuildFile; fileRef = 1A3F6F5F2581E47B00112CDB /* AppDelegate.swift */; };
		1A3F6F622581E47B00112CDB /* SceneDelegate.swift in Sources */ = {isa = PBXBuildFile; fileRef = 1A3F6F612581E47B00112CDB /* SceneDelegate.swift */; };
		1A3F6F642581E47B00112CDB /* ViewController.swift in Sources */ = {isa = PBXBuildFile; fileRef = 1A3F6F632581E47B00112CDB /* ViewController.swift */; };
		1A3F6F672581E47B00112CDB /* Main.storyboard in Resources */ = {isa = PBXBuildFile; fileRef = 1A3F6F652581E47B00112CDB /* Main.storyboard */; };
		1A3F6F692581E47F00112CDB /* Assets.xcassets in Resources */ = {isa = PBXBuildFile; fileRef = 1A3F6F682581E47F00112CDB /* Assets.xcassets */; };
		1A3F6F6C2581E47F00112CDB /* LaunchScreen.storyboard in Resources */ = {isa = PBXBuildFile; fileRef = 1A3F6F6A2581E47F00112CDB /* LaunchScreen.storyboard */; };
		1A3F6F772581E48000112CDB /* wcanosTests.swift in Sources */ = {isa = PBXBuildFile; fileRef = 1A3F6F762581E48000112CDB /* wcanosTests.swift */; };
		1A3F6F822581E48000112CDB /* wcanosUITests.swift in Sources */ = {isa = PBXBuildFile; fileRef = 1A3F6F812581E48000112CDB /* wcanosUITests.swift */; };
/* End PBXBuildFile section */

/* Begin PBXContainerItemProxy section */
		1A3F6F732581E48000112CDB /* PBXContainerItemProxy */ = {
			isa = PBXContainerItemProxy;
			containerPortal = 1A3F6F542581E47B00112CDB /* Project object */;
			proxyType = 1;
			remoteGlobalIDString = 1A3F6F5B2581E47B00112CDB;
			remoteInfo = wcanos;
		};
		1A3F6F7E2581E48000112CDB /* PBXContainerItemProxy */ = {
			isa = PBXContainerItemProxy;
			containerPortal = 1A3F6F542581E47B00112CDB /* Project object */;
			proxyType = 1;
			remoteGlobalIDString = 1A3F6F5B2581E47B00112CDB;
			remoteInfo = wcanos;
		};
/* End PBXContainerItemProxy section */

/* Begin PBXFileReference section */
		1A3F6F5C2581E47B00112CDB /* wcanos.app */ = {isa = PBXFileReference; explicitFileType = wrapper.application; includeInIndex = 0; path = wcanos.app; sourceTree = BUILT_PRODUCTS_DIR; };
		1A3F6F5F2581E47B00112CDB /* AppDelegate.swift */ = {isa = PBXFileReference; lastKnownFileType = sourcecode.swift; path = AppDelegate.swift; sourceTree = "<group>"; };
		1A3F6F612581E47B00112CDB /* SceneDelegate.swift */ = {isa = PBXFileReference; lastKnownFileType = sourcecode.swift; path = SceneDelegate.swift; sourceTree = "<group>"; };
		1A3F6F632581E47B00112CDB /* ViewController.swift */ = {isa = PBXFileReference; lastKnownFileType = sourcecode.swift; path = ViewController.swift; sourceTree = "<group>"; };
		1A3F6F662581E47B00112CDB /* Base */ = {isa = PBXFileReference; lastKnownFileType = file.storyboard; name = Base; path = Base.lproj/Main.storyboard; sourceTree = "<group>"; };
		1A3F6F682581E47F00112CDB /* Assets.xcassets */ = {isa = PBXFileReference; lastKnownFileType = folder.assetcatalog; path = Assets.xcassets; sourceTree = "<group>"; };
		1A3F6F6B2581E47F00112CDB /* Base */ = {isa = PBXFileReference; lastKnownFileType = file.storyboard; name = Base; path = Base.lproj/LaunchScreen.storyboard; sourceTree = "<group>"; };
		1A3F6F6D2581E47F00112CDB /* Info.plist */ = {isa = PBXFileReference; lastKnownFileType = text.plist.xml; path = Info.plist; sourceTree = "<group>"; };
		1A3F6F722581E48000112CDB /* wcanosTests.xctest */ = {isa = PBXFileReference; explicitFileType = wrapper.cfbundle; includeInIndex = 0; path = wcanosTests.xctest; sourceTree = BUILT_PRODUCTS_DIR; };
		1A3F6F762581E48000112CDB /* wcanosTests.swift */ = {isa = PBXFileReference; lastKnownFileType = sourcecode.swift; path = wcanosTests.swift; sourceTree = "<group>"; };
		1A3F6F782581E48000112CDB /* Info.plist */ = {isa = PBXFileReference; lastKnownFileType = text.plist.xml; path = Info.plist; sourceTree = "<group>"; };
		1A3F6F7D2581E48000112CDB /* wcanosUITests.xctest */ = {isa = PBXFileReference; explicitFileType = wrapper.cfbundle; includeInIndex = 0; path = wcanosUITests.xctest; sourceTree = BUILT_PRODUCTS_DIR; };
		1A3F6F812581E48000112CDB /* wcanosUITests.swift */ = {isa = PBXFileReference; lastKnownFileType = sourcecode.swift; path = wcanosUITests.swift; sourceTree = "<group>"; };
		1A3F6F832581E48000112CDB /* Info.plist */ = {isa = PBXFileReference; lastKnownFileType = text.plist.xml; path = Info.plist; sourceTree = "<group>"; };
/* End PBXFileReference section */

/* Begin PBXFrameworksBuildPhase section */
		1A3F6F592581E47B00112CDB /* Frameworks */ = {
			isa = PBXFrameworksBuildPhase;
			buildActionMask = 2147483647;
			files = (
			);
			runOnlyForDeploymentPostprocessing = 0;
		};
		1A3F6F6F2581E48000112CDB /* Frameworks */ = {
			isa = PBXFrameworksBuildPhase;
			buildActionMask = 2147483647;
			files = (
			);
			runOnlyForDeploymentPostprocessing = 0;
		};
		1A3F6F7A2581E48000112CDB /* Frameworks */ = {
			isa = PBXFrameworksBuildPhase;
			buildActionMask = 2147483647;
			files = (
			);
			runOnlyForDeploymentPostprocessing = 0;
		};
/* End PBXFrameworksBuildPhase section */

/* Begin PBXGroup section */
		1A3F6F532581E47B00112CDB = {
			isa = PBXGroup;
			children = (
				1A3F6F5E2581E47B00112CDB /* wcanos */,
				1A3F6F752581E48000112CDB /* wcanosTests */,
				1A3F6F802581E48000112CDB /* wcanosUITests */,
				1A3F6F5D2581E47B00112CDB /* Products */,
			);
			sourceTree = "<group>";
		};
		1A3F6F5D2581E47B00112CDB /* Products */ = {
			isa = PBXGroup;
			children = (
				1A3F6F5C2581E47B00112CDB /* wcanos.app */,
				1A3F6F722581E48000112CDB /* wcanosTests.xctest */,
				1A3F6F7D2581E48000112CDB /* wcanosUITests.xctest */,
			);
			name = Products;
			sourceTree = "<group>";
		};
		1A3F6F5E2581E47B00112CDB /* wcanos */ = {
			isa = PBXGroup;
			children = (
				1A6A2E0D2582076000728891 /* Class */,
				1A3F6F5F2581E47B00112CDB /* AppDelegate.swift */,
				1A3F6F612581E47B00112CDB /* SceneDelegate.swift */,
				1A3F6F632581E47B00112CDB /* ViewController.swift */,
				1A3F6F652581E47B00112CDB /* Main.storyboard */,
				1A3F6F682581E47F00112CDB /* Assets.xcassets */,
				1A3F6F6A2581E47F00112CDB /* LaunchScreen.storyboard */,
				1A3F6F6D2581E47F00112CDB /* Info.plist */,
			);
			path = wcanos;
			sourceTree = "<group>";
		};
		1A3F6F752581E48000112CDB /* wcanosTests */ = {
			isa = PBXGroup;
			children = (
				1A3F6F762581E48000112CDB /* wcanosTests.swift */,
				1A3F6F782581E48000112CDB /* Info.plist */,
			);
			path = wcanosTests;
			sourceTree = "<group>";
		};
		1A3F6F802581E48000112CDB /* wcanosUITests */ = {
			isa = PBXGroup;
			children = (
				1A3F6F812581E48000112CDB /* wcanosUITests.swift */,
				1A3F6F832581E48000112CDB /* Info.plist */,
			);
			path = wcanosUITests;
			sourceTree = "<group>";
		};
		1A6A2E0D2582076000728891 /* Class */ = {
			isa = PBXGroup;
			children = (
				1A6A2E132582076000728891 /* Main */,
				1A6A2E0F2582076000728891 /* Home */,
				1A6A2E122582076000728891 /* Live */,
				1A6A2E112582076000728891 /* Follow */,
				1A6A2E0E2582076000728891 /* Profilr */,
				1A6A2E102582076000728891 /* Tools */,
			);
			path = Class;
			sourceTree = "<group>";
		};
		1A6A2E0E2582076000728891 /* Profilr */ = {
			isa = PBXGroup;
			children = (
			);
			path = Profilr;
			sourceTree = "<group>";
		};
		1A6A2E0F2582076000728891 /* Home */ = {
			isa = PBXGroup;
			children = (
			);
			path = Home;
			sourceTree = "<group>";
		};
		1A6A2E102582076000728891 /* Tools */ = {
			isa = PBXGroup;
			children = (
			);
			path = Tools;
			sourceTree = "<group>";
		};
		1A6A2E112582076000728891 /* Follow */ = {
			isa = PBXGroup;
			children = (
			);
			path = Follow;
			sourceTree = "<group>";
		};
		1A6A2E122582076000728891 /* Live */ = {
			isa = PBXGroup;
			children = (
			);
			path = Live;
			sourceTree = "<group>";
		};
		1A6A2E132582076000728891 /* Main */ = {
			isa = PBXGroup;
			children = (
			);
			path = Main;
			sourceTree = "<group>";
		};
/* End PBXGroup section */

/* Begin PBXNativeTarget section */
		1A3F6F5B2581E47B00112CDB /* wcanos */ = {
			isa = PBXNativeTarget;
			buildConfigurationList = 1A3F6F862581E48000112CDB /* Build configuration list for PBXNativeTarget "wcanos" */;
			buildPhases = (
				1A3F6F582581E47B00112CDB /* Sources */,
				1A3F6F592581E47B00112CDB /* Frameworks */,
				1A3F6F5A2581E47B00112CDB /* Resources */,
			);
			buildRules = (
			);
			dependencies = (
			);
			name = wcanos;
			productName = wcanos;
			productReference = 1A3F6F5C2581E47B00112CDB /* wcanos.app */;
			productType = "com.apple.product-type.application";
		};
		1A3F6F712581E48000112CDB /* wcanosTests */ = {
			isa = PBXNativeTarget;
			buildConfigurationList = 1A3F6F892581E48000112CDB /* Build configuration list for PBXNativeTarget "wcanosTests" */;
			buildPhases = (
				1A3F6F6E2581E48000112CDB /* Sources */,
				1A3F6F6F2581E48000112CDB /* Frameworks */,
				1A3F6F702581E48000112CDB /* Resources */,
			);
			buildRules = (
			);
			dependencies = (
				1A3F6F742581E48000112CDB /* PBXTargetDependency */,
			);
			name = wcanosTests;
			productName = wcanosTests;
			productReference = 1A3F6F722581E48000112CDB /* wcanosTests.xctest */;
			productType = "com.apple.product-type.bundle.unit-test";
		};
		1A3F6F7C2581E48000112CDB /* wcanosUITests */ = {
			isa = PBXNativeTarget;
			buildConfigurationList = 1A3F6F8C2581E48000112CDB /* Build configuration list for PBXNativeTarget "wcanosUITests" */;
			buildPhases = (
				1A3F6F792581E48000112CDB /* Sources */,
				1A3F6F7A2581E48000112CDB /* Frameworks */,
				1A3F6F7B2581E48000112CDB /* Resources */,
			);
			buildRules = (
			);
			dependencies = (
				1A3F6F7F2581E48000112CDB /* PBXTargetDependency */,
			);
			name = wcanosUITests;
			productName = wcanosUITests;
			productReference = 1A3F6F7D2581E48000112CDB /* wcanosUITests.xctest */;
			productType = "com.apple.product-type.bundle.ui-testing";
		};
/* End PBXNativeTarget section */

/* Begin PBXProject section */
		1A3F6F542581E47B00112CDB /* Project object */ = {
			isa = PBXProject;
			attributes = {
				LastSwiftUpdateCheck = 1140;
				LastUpgradeCheck = 1140;
				ORGANIZATIONNAME = erp;
				TargetAttributes = {
					1A3F6F5B2581E47B00112CDB = {
						CreatedOnToolsVersion = 11.4;
					};
					1A3F6F712581E48000112CDB = {
						CreatedOnToolsVersion = 11.4;
						TestTargetID = 1A3F6F5B2581E47B00112CDB;
					};
					1A3F6F7C2581E48000112CDB = {
						CreatedOnToolsVersion = 11.4;
						TestTargetID = 1A3F6F5B2581E47B00112CDB;
					};
				};
			};
			buildConfigurationList = 1A3F6F572581E47B00112CDB /* Build configuration list for PBXProject "wcanos" */;
			compatibilityVersion = "Xcode 9.3";
			developmentRegion = en;
			hasScannedForEncodings = 0;
			knownRegions = (
				en,
				Base,
			);
			mainGroup = 1A3F6F532581E47B00112CDB;
			productRefGroup = 1A3F6F5D2581E47B00112CDB /* Products */;
			projectDirPath = "";
			projectRoot = "";
			targets = (
				1A3F6F5B2581E47B00112CDB /* wcanos */,
				1A3F6F712581E48000112CDB /* wcanosTests */,
				1A3F6F7C2581E48000112CDB /* wcanosUITests */,
			);
		};
/* End PBXProject section */

/* Begin PBXResourcesBuildPhase section */
		1A3F6F5A2581E47B00112CDB /* Resources */ = {
			isa = PBXResourcesBuildPhase;
			buildActionMask = 2147483647;
			files = (
				1A3F6F6C2581E47F00112CDB /* LaunchScreen.storyboard in Resources */,
				1A3F6F692581E47F00112CDB /* Assets.xcassets in Resources */,
				1A3F6F672581E47B00112CDB /* Main.storyboard in Resources */,
			);
			runOnlyForDeploymentPostprocessing = 0;
		};
		1A3F6F702581E48000112CDB /* Resources */ = {
			isa = PBXResourcesBuildPhase;
			buildActionMask = 2147483647;
			files = (
			);
			runOnlyForDeploymentPostprocessing = 0;
		};
		1A3F6F7B2581E48000112CDB /* Resources */ = {
			isa = PBXResourcesBuildPhase;
			buildActionMask = 2147483647;
			files = (
			);
			runOnlyForDeploymentPostprocessing = 0;
		};
/* End PBXResourcesBuildPhase section */

/* Begin PBXSourcesBuildPhase section */
		1A3F6F582581E47B00112CDB /* Sources */ = {
			isa = PBXSourcesBuildPhase;
			buildActionMask = 2147483647;
			files = (
				1A3F6F642581E47B00112CDB /* ViewController.swift in Sources */,
				1A3F6F602581E47B00112CDB /* AppDelegate.swift in Sources */,
				1A3F6F622581E47B00112CDB /* SceneDelegate.swift in Sources */,
			);
			runOnlyForDeploymentPostprocessing = 0;
		};
		1A3F6F6E2581E48000112CDB /* Sources */ = {
			isa = PBXSourcesBuildPhase;
			buildActionMask = 2147483647;
			files = (
				1A3F6F772581E48000112CDB /* wcanosTests.swift in Sources */,
			);
			runOnlyForDeploymentPostprocessing = 0;
		};
		1A3F6F792581E48000112CDB /* Sources */ = {
			isa = PBXSourcesBuildPhase;
			buildActionMask = 2147483647;
			files = (
				1A3F6F822581E48000112CDB /* wcanosUITests.swift in Sources */,
			);
			runOnlyForDeploymentPostprocessing = 0;
		};
/* End PBXSourcesBuildPhase section */

/* Begin PBXTargetDependency section */
		1A3F6F742581E48000112CDB /* PBXTargetDependency */ = {
			isa = PBXTargetDependency;
			target = 1A3F6F5B2581E47B00112CDB /* wcanos */;
			targetProxy = 1A3F6F732581E48000112CDB /* PBXContainerItemProxy */;
		};
		1A3F6F7F2581E48000112CDB /* PBXTargetDependency */ = {
			isa = PBXTargetDependency;
			target = 1A3F6F5B2581E47B00112CDB /* wcanos */;
			targetProxy = 1A3F6F7E2581E48000112CDB /* PBXContainerItemProxy */;
		};
/* End PBXTargetDependency section */

/* Begin PBXVariantGroup section */
		1A3F6F652581E47B00112CDB /* Main.storyboard */ = {
			isa = PBXVariantGroup;
			children = (
				1A3F6F662581E47B00112CDB /* Base */,
			);
			name = Main.storyboard;
			sourceTree = "<group>";
		};
		1A3F6F6A2581E47F00112CDB /* LaunchScreen.storyboard */ = {
			isa = PBXVariantGroup;
			children = (
				1A3F6F6B2581E47F00112CDB /* Base */,
			);
			name = LaunchScreen.storyboard;
			sourceTree = "<group>";
		};
/* End PBXVariantGroup section */

/* Begin XCBuildConfiguration section */
		1A3F6F842581E48000112CDB /* Debug */ = {
			isa = XCBuildConfiguration;
			buildSettings = {
				ALWAYS_SEARCH_USER_PATHS = NO;
				CLANG_ANALYZER_NONNULL = YES;
				CLANG_ANALYZER_NUMBER_OBJECT_CONVERSION = YES_AGGRESSIVE;
				CLANG_CXX_LANGUAGE_STANDARD = "gnu++14";
				CLANG_CXX_LIBRARY = "libc++";
				CLANG_ENABLE_MODULES = YES;
				CLANG_ENABLE_OBJC_ARC = YES;
				CLANG_ENABLE_OBJC_WEAK = YES;
				CLANG_WARN_BLOCK_CAPTURE_AUTORELEASING = YES;
				CLANG_WARN_BOOL_CONVERSION = YES;
				CLANG_WARN_COMMA = YES;
				CLANG_WARN_CONSTANT_CONVERSION = YES;
				CLANG_WARN_DEPRECATED_OBJC_IMPLEMENTATIONS = YES;
				CLANG_WARN_DIRECT_OBJC_ISA_USAGE = YES_ERROR;
				CLANG_WARN_DOCUMENTATION_COMMENTS = YES;
				CLANG_WARN_EMPTY_BODY = YES;
				CLANG_WARN_ENUM_CONVERSION = YES;
				CLANG_WARN_INFINITE_RECURSION = YES;
				CLANG_WARN_INT_CONVERSION = YES;
				CLANG_WARN_NON_LITERAL_NULL_CONVERSION = YES;
				CLANG_WARN_OBJC_IMPLICIT_RETAIN_SELF = YES;
				CLANG_WARN_OBJC_LITERAL_CONVERSION = YES;
				CLANG_WARN_OBJC_ROOT_CLASS = YES_ERROR;
				CLANG_WARN_RANGE_LOOP_ANALYSIS = YES;
				CLANG_WARN_STRICT_PROTOTYPES = YES;
				CLANG_WARN_SUSPICIOUS_MOVE = YES;
				CLANG_WARN_UNGUARDED_AVAILABILITY = YES_AGGRESSIVE;
				CLANG_WARN_UNREACHABLE_CODE = YES;
				CLANG_WARN__DUPLICATE_METHOD_MATCH = YES;
				COPY_PHASE_STRIP = NO;
				DEBUG_INFORMATION_FORMAT = dwarf;
				ENABLE_STRICT_OBJC_MSGSEND = YES;
				ENABLE_TESTABILITY = YES;
				GCC_C_LANGUAGE_STANDARD = gnu11;
				GCC_DYNAMIC_NO_PIC = NO;
				GCC_NO_COMMON_BLOCKS = YES;
				GCC_OPTIMIZATION_LEVEL = 0;
				GCC_PREPROCESSOR_DEFINITIONS = (
					"DEBUG=1",
					"$(inherited)",
				);
				GCC_WARN_64_TO_32_BIT_CONVERSION = YES;
				GCC_WARN_ABOUT_RETURN_TYPE = YES_ERROR;
				GCC_WARN_UNDECLARED_SELECTOR = YES;
				GCC_WARN_UNINITIALIZED_AUTOS = YES_AGGRESSIVE;
				GCC_WARN_UNUSED_FUNCTION = YES;
				GCC_WARN_UNUSED_VARIABLE = YES;
				IPHONEOS_DEPLOYMENT_TARGET = 13.4;
				MTL_ENABLE_DEBUG_INFO = INCLUDE_SOURCE;
				MTL_FAST_MATH = YES;
				ONLY_ACTIVE_ARCH = YES;
				SDKROOT = iphoneos;
				SWIFT_ACTIVE_COMPILATION_CONDITIONS = DEBUG;
				SWIFT_OPTIMIZATION_LEVEL = "-Onone";
			};
			name = Debug;
		};
		1A3F6F852581E48000112CDB /* Release */ = {
			isa = XCBuildConfiguration;
			buildSettings = {
				ALWAYS_SEARCH_USER_PATHS = NO;
				CLANG_ANALYZER_NONNULL = YES;
				CLANG_ANALYZER_NUMBER_OBJECT_CONVERSION = YES_AGGRESSIVE;
				CLANG_CXX_LANGUAGE_STANDARD = "gnu++14";
				CLANG_CXX_LIBRARY = "libc++";
				CLANG_ENABLE_MODULES = YES;
				CLANG_ENABLE_OBJC_ARC = YES;
				CLANG_ENABLE_OBJC_WEAK = YES;
				CLANG_WARN_BLOCK_CAPTURE_AUTORELEASING = YES;
				CLANG_WARN_BOOL_CONVERSION = YES;
				CLANG_WARN_COMMA = YES;
				CLANG_WARN_CONSTANT_CONVERSION = YES;
				CLANG_WARN_DEPRECATED_OBJC_IMPLEMENTATIONS = YES;
				CLANG_WARN_DIRECT_OBJC_ISA_USAGE = YES_ERROR;
				CLANG_WARN_DOCUMENTATION_COMMENTS = YES;
				CLANG_WARN_EMPTY_BODY = YES;
				CLANG_WARN_ENUM_CONVERSION = YES;
				CLANG_WARN_INFINITE_RECURSION = YES;
				CLANG_WARN_INT_CONVERSION = YES;
				CLANG_WARN_NON_LITERAL_NULL_CONVERSION = YES;
				CLANG_WARN_OBJC_IMPLICIT_RETAIN_SELF = YES;
				CLANG_WARN_OBJC_LITERAL_CONVERSION = YES;
				CLANG_WARN_OBJC_ROOT_CLASS = YES_ERROR;
				CLANG_WARN_RANGE_LOOP_ANALYSIS = YES;
				CLANG_WARN_STRICT_PROTOTYPES = YES;
				CLANG_WARN_SUSPICIOUS_MOVE = YES;
				CLANG_WARN_UNGUARDED_AVAILABILITY = YES_AGGRESSIVE;
				CLANG_WARN_UNREACHABLE_CODE = YES;
				CLANG_WARN__DUPLICATE_METHOD_MATCH = YES;
				COPY_PHASE_STRIP = NO;
				DEBUG_INFORMATION_FORMAT = "dwarf-with-dsym";
				ENABLE_NS_ASSERTIONS = NO;
				ENABLE_STRICT_OBJC_MSGSEND = YES;
				GCC_C_LANGUAGE_STANDARD = gnu11;
				GCC_NO_COMMON_BLOCKS = YES;
				GCC_WARN_64_TO_32_BIT_CONVERSION = YES;
				GCC_WARN_ABOUT_RETURN_TYPE = YES_ERROR;
				GCC_WARN_UNDECLARED_SELECTOR = YES;
				GCC_WARN_UNINITIALIZED_AUTOS = YES_AGGRESSIVE;
				GCC_WARN_UNUSED_FUNCTION = YES;
				GCC_WARN_UNUSED_VARIABLE = YES;
				IPHONEOS_DEPLOYMENT_TARGET = 13.4;
				MTL_ENABLE_DEBUG_INFO = NO;
				MTL_FAST_MATH = YES;
				SDKROOT = iphoneos;
				SWIFT_COMPILATION_MODE = wholemodule;
				SWIFT_OPTIMIZATION_LEVEL = "-O";
				VALIDATE_PRODUCT = YES;
			};
			name = Release;
		};
		1A3F6F872581E48000112CDB /* Debug */ = {
			isa = XCBuildConfiguration;
			buildSettings = {
				ASSETCATALOG_COMPILER_APPICON_NAME = AppIcon;
				CODE_SIGN_STYLE = Automatic;
				DEVELOPMENT_TEAM = SVEJDMXF5S;
				INFOPLIST_FILE = wcanos/Info.plist;
				IPHONEOS_DEPLOYMENT_TARGET = 9.0;
				LD_RUNPATH_SEARCH_PATHS = (
					"$(inherited)",
					"@executable_path/Frameworks",
				);
				PRODUCT_BUNDLE_IDENTIFIER = wecan.wcanos;
				PRODUCT_NAME = "$(TARGET_NAME)";
				SWIFT_VERSION = 5.0;
				TARGETED_DEVICE_FAMILY = 1;
			};
			name = Debug;
		};
		1A3F6F882581E48000112CDB /* Release */ = {
			isa = XCBuildConfiguration;
			buildSettings = {
				ASSETCATALOG_COMPILER_APPICON_NAME = AppIcon;
				CODE_SIGN_STYLE = Automatic;
				DEVELOPMENT_TEAM = SVEJDMXF5S;
				INFOPLIST_FILE = wcanos/Info.plist;
				IPHONEOS_DEPLOYMENT_TARGET = 9.0;
				LD_RUNPATH_SEARCH_PATHS = (
					"$(inherited)",
					"@executable_path/Frameworks",
				);
				PRODUCT_BUNDLE_IDENTIFIER = wecan.wcanos;
				PRODUCT_NAME = "$(TARGET_NAME)";
				SWIFT_VERSION = 5.0;
				TARGETED_DEVICE_FAMILY = 1;
			};
			name = Release;
		};
		1A3F6F8A2581E48000112CDB /* Debug */ = {
			isa = XCBuildConfiguration;
			buildSettings = {
				ALWAYS_EMBED_SWIFT_STANDARD_LIBRARIES = YES;
				BUNDLE_LOADER = "$(TEST_HOST)";
				CODE_SIGN_STYLE = Automatic;
				DEVELOPMENT_TEAM = SVEJDMXF5S;
				INFOPLIST_FILE = wcanosTests/Info.plist;
				IPHONEOS_DEPLOYMENT_TARGET = 13.4;
				LD_RUNPATH_SEARCH_PATHS = (
					"$(inherited)",
					"@executable_path/Frameworks",
					"@loader_path/Frameworks",
				);
				PRODUCT_BUNDLE_IDENTIFIER = wecan.wcanosTests;
				PRODUCT_NAME = "$(TARGET_NAME)";
				SWIFT_VERSION = 5.0;
				TARGETED_DEVICE_FAMILY = "1,2";
				TEST_HOST = "$(BUILT_PRODUCTS_DIR)/wcanos.app/wcanos";
			};
			name = Debug;
		};
		1A3F6F8B2581E48000112CDB /* Release */ = {
			isa = XCBuildConfiguration;
			buildSettings = {
				ALWAYS_EMBED_SWIFT_STANDARD_LIBRARIES = YES;
				BUNDLE_LOADER = "$(TEST_HOST)";
				CODE_SIGN_STYLE = Automatic;
				DEVELOPMENT_TEAM = SVEJDMXF5S;
				INFOPLIST_FILE = wcanosTests/Info.plist;
				IPHONEOS_DEPLOYMENT_TARGET = 13.4;
				LD_RUNPATH_SEARCH_PATHS = (
					"$(inherited)",
					"@executable_path/Frameworks",
					"@loader_path/Frameworks",
				);
				PRODUCT_BUNDLE_IDENTIFIER = wecan.wcanosTests;
				PRODUCT_NAME = "$(TARGET_NAME)";
				SWIFT_VERSION = 5.0;
				TARGETED_DEVICE_FAMILY = "1,2";
				TEST_HOST = "$(BUILT_PRODUCTS_DIR)/wcanos.app/wcanos";
			};
			name = Release;
		};
		1A3F6F8D2581E48000112CDB /* Debug */ = {
			isa = XCBuildConfiguration;
			buildSettings = {
				ALWAYS_EMBED_SWIFT_STANDARD_LIBRARIES = YES;
				CODE_SIGN_STYLE = Automatic;
				DEVELOPMENT_TEAM = SVEJDMXF5S;
				INFOPLIST_FILE = wcanosUITests/Info.plist;
				LD_RUNPATH_SEARCH_PATHS = (
					"$(inherited)",
					"@executable_path/Frameworks",
					"@loader_path/Frameworks",
				);
				PRODUCT_BUNDLE_IDENTIFIER = wecan.wcanosUITests;
				PRODUCT_NAME = "$(TARGET_NAME)";
				SWIFT_VERSION = 5.0;
				TARGETED_DEVICE_FAMILY = "1,2";
				TEST_TARGET_NAME = wcanos;
			};
			name = Debug;
		};
		1A3F6F8E2581E48000112CDB /* Release */ = {
			isa = XCBuildConfiguration;
			buildSettings = {
				ALWAYS_EMBED_SWIFT_STANDARD_LIBRARIES = YES;
				CODE_SIGN_STYLE = Automatic;
				DEVELOPMENT_TEAM = SVEJDMXF5S;
				INFOPLIST_FILE = wcanosUITests/Info.plist;
				LD_RUNPATH_SEARCH_PATHS = (
					"$(inherited)",
					"@executable_path/Frameworks",
					"@loader_path/Frameworks",
				);
				PRODUCT_BUNDLE_IDENTIFIER = wecan.wcanosUITests;
				PRODUCT_NAME = "$(TARGET_NAME)";
				SWIFT_VERSION = 5.0;
				TARGETED_DEVICE_FAMILY = "1,2";
				TEST_TARGET_NAME = wcanos;
			};
			name = Release;
		};
/* End XCBuildConfiguration section */

/* Begin XCConfigurationList section */
		1A3F6F572581E47B00112CDB /* Build configuration list for PBXProject "wcanos" */ = {
			isa = XCConfigurationList;
			buildConfigurations = (
				1A3F6F842581E48000112CDB /* Debug */,
				1A3F6F852581E48000112CDB /* Release */,
			);
			defaultConfigurationIsVisible = 0;
			defaultConfigurationName = Release;
		};
		1A3F6F862581E48000112CDB /* Build configuration list for PBXNativeTarget "wcanos" */ = {
			isa = XCConfigurationList;
			buildConfigurations = (
				1A3F6F872581E48000112CDB /* Debug */,
				1A3F6F882581E48000112CDB /* Release */,
			);
			defaultConfigurationIsVisible = 0;
			defaultConfigurationName = Release;
		};
		1A3F6F892581E48000112CDB /* Build configuration list for PBXNativeTarget "wcanosTests" */ = {
			isa = XCConfigurationList;
			buildConfigurations = (
				1A3F6F8A2581E48000112CDB /* Debug */,
				1A3F6F8B2581E48000112CDB /* Release */,
			);
			defaultConfigurationIsVisible = 0;
			defaultConfigurationName = Release;
		};
		1A3F6F8C2581E48000112CDB /* Build configuration list for PBXNativeTarget "wcanosUITests" */ = {
			isa = XCConfigurationList;
			buildConfigurations = (
				1A3F6F8D2581E48000112CDB /* Debug */,
				1A3F6F8E2581E48000112CDB /* Release */,
			);
			defaultConfigurationIsVisible = 0;
			defaultConfigurationName = Release;
		};
/* End XCConfigurationList section */
	};
	rootObject = 1A3F6F542581E47B00112CDB /* Project object */;
}
